// !$*UTF8*$!
{
	archiveVersion = 1;
	classes = {
	};
	objectVersion = 46;
	objects = {

/* Begin PBXBuildFile section */
		5C0B10141D686B3A00148096 /* ClearTextElement.m in Sources */ = {isa = PBXBuildFile; fileRef = 5C0B10061D686B3A00148096 /* ClearTextElement.m */; };
		5C0B10151D686B3A00148096 /* ContentsElement.m in Sources */ = {isa = PBXBuildFile; fileRef = 5C0B10081D686B3A00148096 /* ContentsElement.m */; };
		5C0B10161D686B3A00148096 /* ContentsParser.m in Sources */ = {isa = PBXBuildFile; fileRef = 5C0B100A1D686B3A00148096 /* ContentsParser.m */; };
		5C0B10171D686B3A00148096 /* ImageElement.m in Sources */ = {isa = PBXBuildFile; fileRef = 5C0B100D1D686B3A00148096 /* ImageElement.m */; };
		5C0B10181D686B3A00148096 /* TextElement.m in Sources */ = {isa = PBXBuildFile; fileRef = 5C0B100F1D686B3A00148096 /* TextElement.m */; };
		5C0B10191D686B3A00148096 /* TitleElement.m in Sources */ = {isa = PBXBuildFile; fileRef = 5C0B10111D686B3A00148096 /* TitleElement.m */; };
		5C0B101A1D686B3A00148096 /* WaitElement.m in Sources */ = {isa = PBXBuildFile; fileRef = 5C0B10131D686B3A00148096 /* WaitElement.m */; };
		5C20B5D71D4B8B3C0014E6F9 /* main.m in Sources */ = {isa = PBXBuildFile; fileRef = 5C20B5D61D4B8B3C0014E6F9 /* main.m */; };
		5C3D6B121D6B222700F24098 /* BinzumeJigoku.xcdatamodeld in Sources */ = {isa = PBXBuildFile; fileRef = 5C3D6B101D6B222700F24098 /* BinzumeJigoku.xcdatamodeld */; };
		5C3E23951D8591E900760EA7 /* UIView+Adjustment.m in Sources */ = {isa = PBXBuildFile; fileRef = 5C3E23941D8591E900760EA7 /* UIView+Adjustment.m */; };
		5C3E239A1D85921C00760EA7 /* RubyOnelineTextView.m in Sources */ = {isa = PBXBuildFile; fileRef = 5C3E23971D85921C00760EA7 /* RubyOnelineTextView.m */; };
		5C3E239B1D85921C00760EA7 /* RubyTextView.m in Sources */ = {isa = PBXBuildFile; fileRef = 5C3E23991D85921C00760EA7 /* RubyTextView.m */; };
		5C4849551D718EE90045068C /* ContentsImageView.m in Sources */ = {isa = PBXBuildFile; fileRef = 5C4849541D718EE90045068C /* ContentsImageView.m */; };
		5C7575B11D4DD9260094D5B3 /* section0_00.jpg in Resources */ = {isa = PBXBuildFile; fileRef = 5C7575A91D4DD9260094D5B3 /* section0_00.jpg */; };
		5C7575B21D4DD9260094D5B3 /* section0_01.jpg in Resources */ = {isa = PBXBuildFile; fileRef = 5C7575AA1D4DD9260094D5B3 /* section0_01.jpg */; };
		5C7575B31D4DD9260094D5B3 /* section1_00.jpg in Resources */ = {isa = PBXBuildFile; fileRef = 5C7575AB1D4DD9260094D5B3 /* section1_00.jpg */; };
		5C7575B41D4DD9260094D5B3 /* section1_01.jpg in Resources */ = {isa = PBXBuildFile; fileRef = 5C7575AC1D4DD9260094D5B3 /* section1_01.jpg */; };
		5C7575B51D4DD9260094D5B3 /* section2_00.jpg in Resources */ = {isa = PBXBuildFile; fileRef = 5C7575AD1D4DD9260094D5B3 /* section2_00.jpg */; };
		5C7575B61D4DD9260094D5B3 /* section2_01.jpg in Resources */ = {isa = PBXBuildFile; fileRef = 5C7575AE1D4DD9260094D5B3 /* section2_01.jpg */; };
		5C7575B71D4DD9260094D5B3 /* section3_00.jpg in Resources */ = {isa = PBXBuildFile; fileRef = 5C7575AF1D4DD9260094D5B3 /* section3_00.jpg */; };
		5C7575B81D4DD9260094D5B3 /* title_00.jpg in Resources */ = {isa = PBXBuildFile; fileRef = 5C7575B01D4DD9260094D5B3 /* title_00.jpg */; };
		5C7575C11D4DDC130094D5B3 /* Localizable.strings in Resources */ = {isa = PBXBuildFile; fileRef = 5C7575C31D4DDC130094D5B3 /* Localizable.strings */; };
		5C7575C71D4DEA910094D5B3 /* ContentsViewController.m in Sources */ = {isa = PBXBuildFile; fileRef = 5C7575C61D4DEA910094D5B3 /* ContentsViewController.m */; };
		5C7575CF1D4E25C00094D5B3 /* save_button.png in Resources */ = {isa = PBXBuildFile; fileRef = 5C7575CE1D4E25C00094D5B3 /* save_button.png */; };
		5C7575D61D4E300D0094D5B3 /* AlertControllerHandler.m in Sources */ = {isa = PBXBuildFile; fileRef = 5C7575D51D4E300D0094D5B3 /* AlertControllerHandler.m */; };
		5C7C44861D6F172D00C6DFAA /* ContentsTitleView.m in Sources */ = {isa = PBXBuildFile; fileRef = 5C7C44851D6F172D00C6DFAA /* ContentsTitleView.m */; };
		5C8722FF1D86D770001AAF22 /* LaunchScreen.storyboard in Resources */ = {isa = PBXBuildFile; fileRef = 5C8722FE1D86D770001AAF22 /* LaunchScreen.storyboard */; };
		5C97062B1D6869D000A14813 /* NSString+CustomDecoder.m in Sources */ = {isa = PBXBuildFile; fileRef = 5C97062A1D6869D000A14813 /* NSString+CustomDecoder.m */; };
		5C9C8F711D6C7F3000E80264 /* CoreDataHandler.m in Sources */ = {isa = PBXBuildFile; fileRef = 5C9C8F701D6C7F3000E80264 /* CoreDataHandler.m */; };
		5CA7EE771D91155300A41B1D /* ContentsTextView.m in Sources */ = {isa = PBXBuildFile; fileRef = 5CA7EE761D91155300A41B1D /* ContentsTextView.m */; };
		5CC1B8A11D4F74F30003DD38 /* contents_binzume_jigoku.xml in Resources */ = {isa = PBXBuildFile; fileRef = 5CC1B8A01D4F74F30003DD38 /* contents_binzume_jigoku.xml */; };
		5CC1B8AA1D4F7E790003DD38 /* AppSetting.plist in Resources */ = {isa = PBXBuildFile; fileRef = 5CC1B8A91D4F7E790003DD38 /* AppSetting.plist */; };
		5CC1B8AD1D4F7F7B0003DD38 /* SettingTableViewCell.m in Sources */ = {isa = PBXBuildFile; fileRef = 5CC1B8AC1D4F7F7B0003DD38 /* SettingTableViewCell.m */; };
		5CC6E30D1D4B91E00073FC30 /* AppDelegate.m in Sources */ = {isa = PBXBuildFile; fileRef = 5CC6E30C1D4B91E00073FC30 /* AppDelegate.m */; };
		5CC6E3161D4B97D00073FC30 /* MainViewController.m in Sources */ = {isa = PBXBuildFile; fileRef = 5CC6E3151D4B97D00073FC30 /* MainViewController.m */; };
		5CC6E3191D4B97E30073FC30 /* SettingViewController.m in Sources */ = {isa = PBXBuildFile; fileRef = 5CC6E3181D4B97E30073FC30 /* SettingViewController.m */; };
		5CC6E31C1D4B97FB0073FC30 /* HistoryViewController.m in Sources */ = {isa = PBXBuildFile; fileRef = 5CC6E31B1D4B97FB0073FC30 /* HistoryViewController.m */; };
		5CC6E3201D4B9D540073FC30 /* MainPageView.m in Sources */ = {isa = PBXBuildFile; fileRef = 5CC6E31F1D4B9D540073FC30 /* MainPageView.m */; };
/* End PBXBuildFile section */

/* Begin PBXFileReference section */
		5C0B10041D686B3A00148096 /* ChainType.h */ = {isa = PBXFileReference; fileEncoding = 4; lastKnownFileType = sourcecode.c.h; name = ChainType.h; path = Classes/Contents/ChainType.h; sourceTree = "<group>"; };
		5C0B10051D686B3A00148096 /* ClearTextElement.h */ = {isa = PBXFileReference; fileEncoding = 4; lastKnownFileType = sourcecode.c.h; name = ClearTextElement.h; path = Classes/Contents/ClearTextElement.h; sourceTree = "<group>"; };
		5C0B10061D686B3A00148096 /* ClearTextElement.m */ = {isa = PBXFileReference; fileEncoding = 4; lastKnownFileType = sourcecode.c.objc; name = ClearTextElement.m; path = Classes/Contents/ClearTextElement.m; sourceTree = "<group>"; };
		5C0B10071D686B3A00148096 /* ContentsElement.h */ = {isa = PBXFileReference; fileEncoding = 4; lastKnownFileType = sourcecode.c.h; name = ContentsElement.h; path = Classes/Contents/ContentsElement.h; sourceTree = "<group>"; };
		5C0B10081D686B3A00148096 /* ContentsElement.m */ = {isa = PBXFileReference; fileEncoding = 4; lastKnownFileType = sourcecode.c.objc; name = ContentsElement.m; path = Classes/Contents/ContentsElement.m; sourceTree = "<group>"; };
		5C0B10091D686B3A00148096 /* ContentsParser.h */ = {isa = PBXFileReference; fileEncoding = 4; lastKnownFileType = sourcecode.c.h; name = ContentsParser.h; path = Classes/Contents/ContentsParser.h; sourceTree = "<group>"; };
		5C0B100A1D686B3A00148096 /* ContentsParser.m */ = {isa = PBXFileReference; fileEncoding = 4; lastKnownFileType = sourcecode.c.objc; name = ContentsParser.m; path = Classes/Contents/ContentsParser.m; sourceTree = "<group>"; };
		5C0B100B1D686B3A00148096 /* ContentsType.h */ = {isa = PBXFileReference; fileEncoding = 4; lastKnownFileType = sourcecode.c.h; name = ContentsType.h; path = Classes/Contents/ContentsType.h; sourceTree = "<group>"; };
		5C0B100C1D686B3A00148096 /* ImageElement.h */ = {isa = PBXFileReference; fileEncoding = 4; lastKnownFileType = sourcecode.c.h; name = ImageElement.h; path = Classes/Contents/ImageElement.h; sourceTree = "<group>"; };
		5C0B100D1D686B3A00148096 /* ImageElement.m */ = {isa = PBXFileReference; fileEncoding = 4; lastKnownFileType = sourcecode.c.objc; name = ImageElement.m; path = Classes/Contents/ImageElement.m; sourceTree = "<group>"; };
		5C0B100E1D686B3A00148096 /* TextElement.h */ = {isa = PBXFileReference; fileEncoding = 4; lastKnownFileType = sourcecode.c.h; name = TextElement.h; path = Classes/Contents/TextElement.h; sourceTree = "<group>"; };
		5C0B100F1D686B3A00148096 /* TextElement.m */ = {isa = PBXFileReference; fileEncoding = 4; lastKnownFileType = sourcecode.c.objc; name = TextElement.m; path = Classes/Contents/TextElement.m; sourceTree = "<group>"; };
		5C0B10101D686B3A00148096 /* TitleElement.h */ = {isa = PBXFileReference; fileEncoding = 4; lastKnownFileType = sourcecode.c.h; name = TitleElement.h; path = Classes/Contents/TitleElement.h; sourceTree = "<group>"; };
		5C0B10111D686B3A00148096 /* TitleElement.m */ = {isa = PBXFileReference; fileEncoding = 4; lastKnownFileType = sourcecode.c.objc; name = TitleElement.m; path = Classes/Contents/TitleElement.m; sourceTree = "<group>"; };
		5C0B10121D686B3A00148096 /* WaitElement.h */ = {isa = PBXFileReference; fileEncoding = 4; lastKnownFileType = sourcecode.c.h; name = WaitElement.h; path = Classes/Contents/WaitElement.h; sourceTree = "<group>"; };
		5C0B10131D686B3A00148096 /* WaitElement.m */ = {isa = PBXFileReference; fileEncoding = 4; lastKnownFileType = sourcecode.c.objc; name = WaitElement.m; path = Classes/Contents/WaitElement.m; sourceTree = "<group>"; };
		5C20B5D21D4B8B3C0014E6F9 /* binzumejigoku.app */ = {isa = PBXFileReference; explicitFileType = wrapper.application; includeInIndex = 0; path = binzumejigoku.app; sourceTree = BUILT_PRODUCTS_DIR; };
		5C20B5D61D4B8B3C0014E6F9 /* main.m */ = {isa = PBXFileReference; lastKnownFileType = sourcecode.c.objc; path = main.m; sourceTree = "<group>"; };
		5C20B5E61D4B8B3C0014E6F9 /* Info.plist */ = {isa = PBXFileReference; lastKnownFileType = text.plist.xml; name = Info.plist; path = binzumejigoku/Info.plist; sourceTree = "<group>"; };
		5C3D6B111D6B222700F24098 /* BinzumeJigoku.xcdatamodel */ = {isa = PBXFileReference; lastKnownFileType = wrapper.xcdatamodel; path = BinzumeJigoku.xcdatamodel; sourceTree = "<group>"; };
		5C3E23931D8591E900760EA7 /* UIView+Adjustment.h */ = {isa = PBXFileReference; fileEncoding = 4; lastKnownFileType = sourcecode.c.h; path = "UIView+Adjustment.h"; sourceTree = "<group>"; };
		5C3E23941D8591E900760EA7 /* UIView+Adjustment.m */ = {isa = PBXFileReference; fileEncoding = 4; lastKnownFileType = sourcecode.c.objc; path = "UIView+Adjustment.m"; sourceTree = "<group>"; };
		5C3E23961D85921C00760EA7 /* RubyOnelineTextView.h */ = {isa = PBXFileReference; fileEncoding = 4; lastKnownFileType = sourcecode.c.h; name = RubyOnelineTextView.h; path = Classes/View/RubyOnelineTextView.h; sourceTree = "<group>"; };
		5C3E23971D85921C00760EA7 /* RubyOnelineTextView.m */ = {isa = PBXFileReference; fileEncoding = 4; lastKnownFileType = sourcecode.c.objc; name = RubyOnelineTextView.m; path = Classes/View/RubyOnelineTextView.m; sourceTree = "<group>"; };
		5C3E23981D85921C00760EA7 /* RubyTextView.h */ = {isa = PBXFileReference; fileEncoding = 4; lastKnownFileType = sourcecode.c.h; name = RubyTextView.h; path = Classes/View/RubyTextView.h; sourceTree = "<group>"; };
		5C3E23991D85921C00760EA7 /* RubyTextView.m */ = {isa = PBXFileReference; fileEncoding = 4; lastKnownFileType = sourcecode.c.objc; name = RubyTextView.m; path = Classes/View/RubyTextView.m; sourceTree = "<group>"; };
		5C4849531D718EE90045068C /* ContentsImageView.h */ = {isa = PBXFileReference; fileEncoding = 4; lastKnownFileType = sourcecode.c.h; name = ContentsImageView.h; path = Classes/View/ContentsImageView.h; sourceTree = "<group>"; };
		5C4849541D718EE90045068C /* ContentsImageView.m */ = {isa = PBXFileReference; fileEncoding = 4; lastKnownFileType = sourcecode.c.objc; name = ContentsImageView.m; path = Classes/View/ContentsImageView.m; sourceTree = "<group>"; };
		5C7575A91D4DD9260094D5B3 /* section0_00.jpg */ = {isa = PBXFileReference; lastKnownFileType = image.jpeg; name = section0_00.jpg; path = Resources/Images/section0_00.jpg; sourceTree = "<group>"; };
		5C7575AA1D4DD9260094D5B3 /* section0_01.jpg */ = {isa = PBXFileReference; lastKnownFileType = image.jpeg; name = section0_01.jpg; path = Resources/Images/section0_01.jpg; sourceTree = "<group>"; };
		5C7575AB1D4DD9260094D5B3 /* section1_00.jpg */ = {isa = PBXFileReference; lastKnownFileType = image.jpeg; name = section1_00.jpg; path = Resources/Images/section1_00.jpg; sourceTree = "<group>"; };
		5C7575AC1D4DD9260094D5B3 /* section1_01.jpg */ = {isa = PBXFileReference; lastKnownFileType = image.jpeg; name = section1_01.jpg; path = Resources/Images/section1_01.jpg; sourceTree = "<group>"; };
		5C7575AD1D4DD9260094D5B3 /* section2_00.jpg */ = {isa = PBXFileReference; lastKnownFileType = image.jpeg; name = section2_00.jpg; path = Resources/Images/section2_00.jpg; sourceTree = "<group>"; };
		5C7575AE1D4DD9260094D5B3 /* section2_01.jpg */ = {isa = PBXFileReference; lastKnownFileType = image.jpeg; name = section2_01.jpg; path = Resources/Images/section2_01.jpg; sourceTree = "<group>"; };
		5C7575AF1D4DD9260094D5B3 /* section3_00.jpg */ = {isa = PBXFileReference; lastKnownFileType = image.jpeg; name = section3_00.jpg; path = Resources/Images/section3_00.jpg; sourceTree = "<group>"; };
		5C7575B01D4DD9260094D5B3 /* title_00.jpg */ = {isa = PBXFileReference; lastKnownFileType = image.jpeg; name = title_00.jpg; path = Resources/Images/title_00.jpg; sourceTree = "<group>"; };
		5C7575C41D4DDC140094D5B3 /* Base */ = {isa = PBXFileReference; lastKnownFileType = text.plist.strings; name = Base; path = Base.lproj/Localizable.strings; sourceTree = "<group>"; };
		5C7575C51D4DEA910094D5B3 /* ContentsViewController.h */ = {isa = PBXFileReference; fileEncoding = 4; lastKnownFileType = sourcecode.c.h; name = ContentsViewController.h; path = Classes/ViewController/ContentsViewController.h; sourceTree = "<group>"; };
		5C7575C61D4DEA910094D5B3 /* ContentsViewController.m */ = {isa = PBXFileReference; fileEncoding = 4; lastKnownFileType = sourcecode.c.objc; name = ContentsViewController.m; path = Classes/ViewController/ContentsViewController.m; sourceTree = "<group>"; };
		5C7575CE1D4E25C00094D5B3 /* save_button.png */ = {isa = PBXFileReference; lastKnownFileType = image.png; name = save_button.png; path = Resources/Images/save_button.png; sourceTree = "<group>"; };
		5C7575D41D4E300D0094D5B3 /* AlertControllerHandler.h */ = {isa = PBXFileReference; fileEncoding = 4; lastKnownFileType = sourcecode.c.h; name = AlertControllerHandler.h; path = Classes/Util/AlertControllerHandler.h; sourceTree = "<group>"; };
		5C7575D51D4E300D0094D5B3 /* AlertControllerHandler.m */ = {isa = PBXFileReference; fileEncoding = 4; lastKnownFileType = sourcecode.c.objc; name = AlertControllerHandler.m; path = Classes/Util/AlertControllerHandler.m; sourceTree = "<group>"; };
		5C7C44841D6F172D00C6DFAA /* ContentsTitleView.h */ = {isa = PBXFileReference; fileEncoding = 4; lastKnownFileType = sourcecode.c.h; name = ContentsTitleView.h; path = Classes/View/ContentsTitleView.h; sourceTree = "<group>"; };
		5C7C44851D6F172D00C6DFAA /* ContentsTitleView.m */ = {isa = PBXFileReference; fileEncoding = 4; lastKnownFileType = sourcecode.c.objc; name = ContentsTitleView.m; path = Classes/View/ContentsTitleView.m; sourceTree = "<group>"; };
		5C8722FE1D86D770001AAF22 /* LaunchScreen.storyboard */ = {isa = PBXFileReference; fileEncoding = 4; lastKnownFileType = file.storyboard; path = LaunchScreen.storyboard; sourceTree = "<group>"; };
		5C9706291D6869D000A14813 /* NSString+CustomDecoder.h */ = {isa = PBXFileReference; fileEncoding = 4; lastKnownFileType = sourcecode.c.h; path = "NSString+CustomDecoder.h"; sourceTree = "<group>"; };
		5C97062A1D6869D000A14813 /* NSString+CustomDecoder.m */ = {isa = PBXFileReference; fileEncoding = 4; lastKnownFileType = sourcecode.c.objc; path = "NSString+CustomDecoder.m"; sourceTree = "<group>"; };
		5C9C8F6F1D6C7F3000E80264 /* CoreDataHandler.h */ = {isa = PBXFileReference; fileEncoding = 4; lastKnownFileType = sourcecode.c.h; path = CoreDataHandler.h; sourceTree = "<group>"; };
		5C9C8F701D6C7F3000E80264 /* CoreDataHandler.m */ = {isa = PBXFileReference; fileEncoding = 4; lastKnownFileType = sourcecode.c.objc; path = CoreDataHandler.m; sourceTree = "<group>"; };
		5CA7EE751D91155300A41B1D /* ContentsTextView.h */ = {isa = PBXFileReference; fileEncoding = 4; lastKnownFileType = sourcecode.c.h; name = ContentsTextView.h; path = Classes/View/ContentsTextView.h; sourceTree = "<group>"; };
		5CA7EE761D91155300A41B1D /* ContentsTextView.m */ = {isa = PBXFileReference; fileEncoding = 4; lastKnownFileType = sourcecode.c.objc; name = ContentsTextView.m; path = Classes/View/ContentsTextView.m; sourceTree = "<group>"; };
		5CC1B8A01D4F74F30003DD38 /* contents_binzume_jigoku.xml */ = {isa = PBXFileReference; fileEncoding = 4; lastKnownFileType = text.xml; name = contents_binzume_jigoku.xml; path = Resources/XML/contents_binzume_jigoku.xml; sourceTree = "<group>"; };
		5CC1B8A91D4F7E790003DD38 /* AppSetting.plist */ = {isa = PBXFileReference; fileEncoding = 4; lastKnownFileType = text.plist.xml; name = AppSetting.plist; path = binzumejigoku/AppSetting.plist; sourceTree = "<group>"; };
		5CC1B8AB1D4F7F7B0003DD38 /* SettingTableViewCell.h */ = {isa = PBXFileReference; fileEncoding = 4; lastKnownFileType = sourcecode.c.h; name = SettingTableViewCell.h; path = Classes/View/SettingTableViewCell.h; sourceTree = "<group>"; };
		5CC1B8AC1D4F7F7B0003DD38 /* SettingTableViewCell.m */ = {isa = PBXFileReference; fileEncoding = 4; lastKnownFileType = sourcecode.c.objc; name = SettingTableViewCell.m; path = Classes/View/SettingTableViewCell.m; sourceTree = "<group>"; };
		5CC6E30B1D4B91E00073FC30 /* AppDelegate.h */ = {isa = PBXFileReference; fileEncoding = 4; lastKnownFileType = sourcecode.c.h; name = AppDelegate.h; path = Classes/AppDelegate.h; sourceTree = "<group>"; };
		5CC6E30C1D4B91E00073FC30 /* AppDelegate.m */ = {isa = PBXFileReference; fileEncoding = 4; lastKnownFileType = sourcecode.c.objc; name = AppDelegate.m; path = Classes/AppDelegate.m; sourceTree = "<group>"; };
		5CC6E3141D4B97D00073FC30 /* MainViewController.h */ = {isa = PBXFileReference; fileEncoding = 4; lastKnownFileType = sourcecode.c.h; name = MainViewController.h; path = Classes/ViewController/MainViewController.h; sourceTree = "<group>"; };
		5CC6E3151D4B97D00073FC30 /* MainViewController.m */ = {isa = PBXFileReference; fileEncoding = 4; lastKnownFileType = sourcecode.c.objc; name = MainViewController.m; path = Classes/ViewController/MainViewController.m; sourceTree = "<group>"; };
		5CC6E3171D4B97E30073FC30 /* SettingViewController.h */ = {isa = PBXFileReference; fileEncoding = 4; lastKnownFileType = sourcecode.c.h; name = SettingViewController.h; path = Classes/ViewController/SettingViewController.h; sourceTree = "<group>"; };
		5CC6E3181D4B97E30073FC30 /* SettingViewController.m */ = {isa = PBXFileReference; fileEncoding = 4; lastKnownFileType = sourcecode.c.objc; name = SettingViewController.m; path = Classes/ViewController/SettingViewController.m; sourceTree = "<group>"; };
		5CC6E31A1D4B97FB0073FC30 /* HistoryViewController.h */ = {isa = PBXFileReference; fileEncoding = 4; lastKnownFileType = sourcecode.c.h; name = HistoryViewController.h; path = Classes/ViewController/HistoryViewController.h; sourceTree = "<group>"; };
		5CC6E31B1D4B97FB0073FC30 /* HistoryViewController.m */ = {isa = PBXFileReference; fileEncoding = 4; lastKnownFileType = sourcecode.c.objc; name = HistoryViewController.m; path = Classes/ViewController/HistoryViewController.m; sourceTree = "<group>"; };
		5CC6E31E1D4B9D540073FC30 /* MainPageView.h */ = {isa = PBXFileReference; fileEncoding = 4; lastKnownFileType = sourcecode.c.h; name = MainPageView.h; path = Classes/View/MainPageView.h; sourceTree = "<group>"; };
		5CC6E31F1D4B9D540073FC30 /* MainPageView.m */ = {isa = PBXFileReference; fileEncoding = 4; lastKnownFileType = sourcecode.c.objc; name = MainPageView.m; path = Classes/View/MainPageView.m; sourceTree = "<group>"; };
/* End PBXFileReference section */

/* Begin PBXFrameworksBuildPhase section */
		5C20B5CF1D4B8B3C0014E6F9 /* Frameworks */ = {
			isa = PBXFrameworksBuildPhase;
			buildActionMask = 2147483647;
			files = (
			);
			runOnlyForDeploymentPostprocessing = 0;
		};
/* End PBXFrameworksBuildPhase section */

/* Begin PBXGroup section */
		5C20B5C91D4B8B3C0014E6F9 = {
			isa = PBXGroup;
			children = (
				5C20B5D41D4B8B3C0014E6F9 /* binzumejigoku */,
				5C20B5E61D4B8B3C0014E6F9 /* Info.plist */,
				5CC1B8A91D4F7E790003DD38 /* AppSetting.plist */,
				5C20B5D31D4B8B3C0014E6F9 /* Products */,
			);
			sourceTree = "<group>";
		};
		5C20B5D31D4B8B3C0014E6F9 /* Products */ = {
			isa = PBXGroup;
			children = (
				5C20B5D21D4B8B3C0014E6F9 /* binzumejigoku.app */,
			);
			name = Products;
			sourceTree = "<group>";
		};
		5C20B5D41D4B8B3C0014E6F9 /* binzumejigoku */ = {
			isa = PBXGroup;
			children = (
				5C8722FA1D86D50A001AAF22 /* UserInterface */,
				5C7575A71D4DD8CE0094D5B3 /* Resources */,
				5CC6E3091D4B91C60073FC30 /* Classes */,
				5C20B5D51D4B8B3C0014E6F9 /* Supporting Files */,
			);
			path = binzumejigoku;
			sourceTree = "<group>";
		};
		5C20B5D51D4B8B3C0014E6F9 /* Supporting Files */ = {
			isa = PBXGroup;
			children = (
				5C20B5D61D4B8B3C0014E6F9 /* main.m */,
				5C7575C31D4DDC130094D5B3 /* Localizable.strings */,
			);
			name = "Supporting Files";
			sourceTree = "<group>";
		};
		5C3D6B0F1D6B21EC00F24098 /* CoreData */ = {
			isa = PBXGroup;
			children = (
				5C3D6B101D6B222700F24098 /* BinzumeJigoku.xcdatamodeld */,
			);
			name = CoreData;
			path = Resources/CoreData;
			sourceTree = "<group>";
		};
		5C7575A71D4DD8CE0094D5B3 /* Resources */ = {
			isa = PBXGroup;
			children = (
				5C3D6B0F1D6B21EC00F24098 /* CoreData */,
				5CC1B89F1D4F74DB0003DD38 /* XML */,
				5C7575A81D4DD9040094D5B3 /* Images */,
			);
			name = Resources;
			sourceTree = "<group>";
		};
		5C7575A81D4DD9040094D5B3 /* Images */ = {
			isa = PBXGroup;
			children = (
				5C7575CE1D4E25C00094D5B3 /* save_button.png */,
				5C7575A91D4DD9260094D5B3 /* section0_00.jpg */,
				5C7575AA1D4DD9260094D5B3 /* section0_01.jpg */,
				5C7575AB1D4DD9260094D5B3 /* section1_00.jpg */,
				5C7575AC1D4DD9260094D5B3 /* section1_01.jpg */,
				5C7575AD1D4DD9260094D5B3 /* section2_00.jpg */,
				5C7575AE1D4DD9260094D5B3 /* section2_01.jpg */,
				5C7575AF1D4DD9260094D5B3 /* section3_00.jpg */,
				5C7575B01D4DD9260094D5B3 /* title_00.jpg */,
			);
			name = Images;
			sourceTree = "<group>";
		};
		5C7575D31D4E2FF70094D5B3 /* Util */ = {
			isa = PBXGroup;
			children = (
				5C7575D41D4E300D0094D5B3 /* AlertControllerHandler.h */,
				5C7575D51D4E300D0094D5B3 /* AlertControllerHandler.m */,
			);
			name = Util;
			sourceTree = "<group>";
		};
		5C8722FA1D86D50A001AAF22 /* UserInterface */ = {
			isa = PBXGroup;
			children = (
				5C8722FB1D86D51B001AAF22 /* Storyboard */,
			);
			path = UserInterface;
			sourceTree = "<group>";
		};
		5C8722FB1D86D51B001AAF22 /* Storyboard */ = {
			isa = PBXGroup;
			children = (
				5C8722FE1D86D770001AAF22 /* LaunchScreen.storyboard */,
			);
			path = Storyboard;
			sourceTree = "<group>";
		};
		5C9706281D68699E00A14813 /* Category */ = {
			isa = PBXGroup;
			children = (
				5C3E23931D8591E900760EA7 /* UIView+Adjustment.h */,
				5C3E23941D8591E900760EA7 /* UIView+Adjustment.m */,
				5C9706291D6869D000A14813 /* NSString+CustomDecoder.h */,
				5C97062A1D6869D000A14813 /* NSString+CustomDecoder.m */,
			);
			name = Category;
			path = Classes/Category;
			sourceTree = "<group>";
		};
		5C9C8F6E1D6C7EFF00E80264 /* CoreData */ = {
			isa = PBXGroup;
			children = (
				5C9C8F6F1D6C7F3000E80264 /* CoreDataHandler.h */,
				5C9C8F701D6C7F3000E80264 /* CoreDataHandler.m */,
			);
			name = CoreData;
			path = Classes/CoreData;
			sourceTree = "<group>";
		};
		5CC1B89F1D4F74DB0003DD38 /* XML */ = {
			isa = PBXGroup;
			children = (
				5CC1B8A01D4F74F30003DD38 /* contents_binzume_jigoku.xml */,
			);
			name = XML;
			sourceTree = "<group>";
		};
		5CC1B8A51D4F7CCA0003DD38 /* Contents */ = {
			isa = PBXGroup;
			children = (
				5C0B10041D686B3A00148096 /* ChainType.h */,
				5C0B100B1D686B3A00148096 /* ContentsType.h */,
				5C0B10091D686B3A00148096 /* ContentsParser.h */,
				5C0B100A1D686B3A00148096 /* ContentsParser.m */,
				5C0B10071D686B3A00148096 /* ContentsElement.h */,
				5C0B10081D686B3A00148096 /* ContentsElement.m */,
				5C0B100C1D686B3A00148096 /* ImageElement.h */,
				5C0B100D1D686B3A00148096 /* ImageElement.m */,
				5C0B10121D686B3A00148096 /* WaitElement.h */,
				5C0B10131D686B3A00148096 /* WaitElement.m */,
				5C0B10101D686B3A00148096 /* TitleElement.h */,
				5C0B10111D686B3A00148096 /* TitleElement.m */,
				5C0B100E1D686B3A00148096 /* TextElement.h */,
				5C0B100F1D686B3A00148096 /* TextElement.m */,
				5C0B10051D686B3A00148096 /* ClearTextElement.h */,
				5C0B10061D686B3A00148096 /* ClearTextElement.m */,
			);
			name = Contents;
			sourceTree = "<group>";
		};
		5CC6E3091D4B91C60073FC30 /* Classes */ = {
			isa = PBXGroup;
			children = (
				5C9C8F6E1D6C7EFF00E80264 /* CoreData */,
				5C9706281D68699E00A14813 /* Category */,
				5CC1B8A51D4F7CCA0003DD38 /* Contents */,
				5C7575D31D4E2FF70094D5B3 /* Util */,
				5CC6E30A1D4B91D00073FC30 /* ViewController */,
				5CC6E31D1D4B9D0E0073FC30 /* View */,
				5CC6E30B1D4B91E00073FC30 /* AppDelegate.h */,
				5CC6E30C1D4B91E00073FC30 /* AppDelegate.m */,
			);
			name = Classes;
			sourceTree = "<group>";
		};
		5CC6E30A1D4B91D00073FC30 /* ViewController */ = {
			isa = PBXGroup;
			children = (
				5CC6E3141D4B97D00073FC30 /* MainViewController.h */,
				5CC6E3151D4B97D00073FC30 /* MainViewController.m */,
				5CC6E3171D4B97E30073FC30 /* SettingViewController.h */,
				5CC6E3181D4B97E30073FC30 /* SettingViewController.m */,
				5CC6E31A1D4B97FB0073FC30 /* HistoryViewController.h */,
				5CC6E31B1D4B97FB0073FC30 /* HistoryViewController.m */,
				5C7575C51D4DEA910094D5B3 /* ContentsViewController.h */,
				5C7575C61D4DEA910094D5B3 /* ContentsViewController.m */,
			);
			name = ViewController;
			sourceTree = "<group>";
		};
		5CC6E31D1D4B9D0E0073FC30 /* View */ = {
			isa = PBXGroup;
			children = (
				5C3E23981D85921C00760EA7 /* RubyTextView.h */,
				5C3E23991D85921C00760EA7 /* RubyTextView.m */,
				5C3E23961D85921C00760EA7 /* RubyOnelineTextView.h */,
				5C3E23971D85921C00760EA7 /* RubyOnelineTextView.m */,
				5CC1B8AB1D4F7F7B0003DD38 /* SettingTableViewCell.h */,
				5CC1B8AC1D4F7F7B0003DD38 /* SettingTableViewCell.m */,
				5CC6E31E1D4B9D540073FC30 /* MainPageView.h */,
				5CC6E31F1D4B9D540073FC30 /* MainPageView.m */,
				5C7C44841D6F172D00C6DFAA /* ContentsTitleView.h */,
				5C7C44851D6F172D00C6DFAA /* ContentsTitleView.m */,
				5C4849531D718EE90045068C /* ContentsImageView.h */,
				5C4849541D718EE90045068C /* ContentsImageView.m */,
				5CA7EE751D91155300A41B1D /* ContentsTextView.h */,
				5CA7EE761D91155300A41B1D /* ContentsTextView.m */,
			);
			name = View;
			sourceTree = "<group>";
		};
/* End PBXGroup section */

/* Begin PBXNativeTarget section */
		5C20B5D11D4B8B3C0014E6F9 /* binzumejigoku */ = {
			isa = PBXNativeTarget;
			buildConfigurationList = 5C20B5E91D4B8B3C0014E6F9 /* Build configuration list for PBXNativeTarget "binzumejigoku" */;
			buildPhases = (
				5C20B5CE1D4B8B3C0014E6F9 /* Sources */,
				5C20B5CF1D4B8B3C0014E6F9 /* Frameworks */,
				5C20B5D01D4B8B3C0014E6F9 /* Resources */,
			);
			buildRules = (
			);
			dependencies = (
			);
			name = binzumejigoku;
			productName = binzumejigoku;
			productReference = 5C20B5D21D4B8B3C0014E6F9 /* binzumejigoku.app */;
			productType = "com.apple.product-type.application";
		};
/* End PBXNativeTarget section */

/* Begin PBXProject section */
		5C20B5CA1D4B8B3C0014E6F9 /* Project object */ = {
			isa = PBXProject;
			attributes = {
				LastUpgradeCheck = 0800;
				ORGANIZATIONNAME = "1-Take";
				TargetAttributes = {
					5C20B5D11D4B8B3C0014E6F9 = {
						CreatedOnToolsVersion = 7.3.1;
						DevelopmentTeam = 44UZBLNCCX;
					};
				};
			};
			buildConfigurationList = 5C20B5CD1D4B8B3C0014E6F9 /* Build configuration list for PBXProject "binzumejigoku" */;
			compatibilityVersion = "Xcode 3.2";
			developmentRegion = English;
			hasScannedForEncodings = 0;
			knownRegions = (
				en,
				Base,
				ja,
			);
			mainGroup = 5C20B5C91D4B8B3C0014E6F9;
			productRefGroup = 5C20B5D31D4B8B3C0014E6F9 /* Products */;
			projectDirPath = "";
			projectRoot = "";
			targets = (
				5C20B5D11D4B8B3C0014E6F9 /* binzumejigoku */,
			);
		};
/* End PBXProject section */

/* Begin PBXResourcesBuildPhase section */
		5C20B5D01D4B8B3C0014E6F9 /* Resources */ = {
			isa = PBXResourcesBuildPhase;
			buildActionMask = 2147483647;
			files = (
				5C7575B41D4DD9260094D5B3 /* section1_01.jpg in Resources */,
				5CC1B8AA1D4F7E790003DD38 /* AppSetting.plist in Resources */,
				5C7575B71D4DD9260094D5B3 /* section3_00.jpg in Resources */,
				5C7575B11D4DD9260094D5B3 /* section0_00.jpg in Resources */,
				5C8722FF1D86D770001AAF22 /* LaunchScreen.storyboard in Resources */,
				5C7575B51D4DD9260094D5B3 /* section2_00.jpg in Resources */,
				5CC1B8A11D4F74F30003DD38 /* contents_binzume_jigoku.xml in Resources */,
				5C7575CF1D4E25C00094D5B3 /* save_button.png in Resources */,
				5C7575C11D4DDC130094D5B3 /* Localizable.strings in Resources */,
				5C7575B81D4DD9260094D5B3 /* title_00.jpg in Resources */,
				5C7575B31D4DD9260094D5B3 /* section1_00.jpg in Resources */,
				5C7575B21D4DD9260094D5B3 /* section0_01.jpg in Resources */,
				5C7575B61D4DD9260094D5B3 /* section2_01.jpg in Resources */,
			);
			runOnlyForDeploymentPostprocessing = 0;
		};
/* End PBXResourcesBuildPhase section */

/* Begin PBXSourcesBuildPhase section */
		5C20B5CE1D4B8B3C0014E6F9 /* Sources */ = {
			isa = PBXSourcesBuildPhase;
			buildActionMask = 2147483647;
			files = (
				5CC1B8AD1D4F7F7B0003DD38 /* SettingTableViewCell.m in Sources */,
				5C7575C71D4DEA910094D5B3 /* ContentsViewController.m in Sources */,
				5C9C8F711D6C7F3000E80264 /* CoreDataHandler.m in Sources */,
				5C3E239B1D85921C00760EA7 /* RubyTextView.m in Sources */,
				5C97062B1D6869D000A14813 /* NSString+CustomDecoder.m in Sources */,
				5C0B10141D686B3A00148096 /* ClearTextElement.m in Sources */,
				5CC6E30D1D4B91E00073FC30 /* AppDelegate.m in Sources */,
				5C0B101A1D686B3A00148096 /* WaitElement.m in Sources */,
				5C7C44861D6F172D00C6DFAA /* ContentsTitleView.m in Sources */,
				5C0B10191D686B3A00148096 /* TitleElement.m in Sources */,
				5C20B5D71D4B8B3C0014E6F9 /* main.m in Sources */,
				5CA7EE771D91155300A41B1D /* ContentsTextView.m in Sources */,
				5C0B10171D686B3A00148096 /* ImageElement.m in Sources */,
				5CC6E3201D4B9D540073FC30 /* MainPageView.m in Sources */,
				5CC6E3161D4B97D00073FC30 /* MainViewController.m in Sources */,
				5C0B10181D686B3A00148096 /* TextElement.m in Sources */,
				5C0B10151D686B3A00148096 /* ContentsElement.m in Sources */,
				5C3E23951D8591E900760EA7 /* UIView+Adjustment.m in Sources */,
				5C3E239A1D85921C00760EA7 /* RubyOnelineTextView.m in Sources */,
				5C4849551D718EE90045068C /* ContentsImageView.m in Sources */,
				5C3D6B121D6B222700F24098 /* BinzumeJigoku.xcdatamodeld in Sources */,
				5C0B10161D686B3A00148096 /* ContentsParser.m in Sources */,
				5CC6E3191D4B97E30073FC30 /* SettingViewController.m in Sources */,
				5C7575D61D4E300D0094D5B3 /* AlertControllerHandler.m in Sources */,
				5CC6E31C1D4B97FB0073FC30 /* HistoryViewController.m in Sources */,
			);
			runOnlyForDeploymentPostprocessing = 0;
		};
/* End PBXSourcesBuildPhase section */

/* Begin PBXVariantGroup section */
		5C7575C31D4DDC130094D5B3 /* Localizable.strings */ = {
			isa = PBXVariantGroup;
			children = (
				5C7575C41D4DDC140094D5B3 /* Base */,
			);
			name = Localizable.strings;
			sourceTree = "<group>";
		};
/* End PBXVariantGroup section */

/* Begin XCBuildConfiguration section */
		5C20B5E71D4B8B3C0014E6F9 /* Debug */ = {
			isa = XCBuildConfiguration;
			buildSettings = {
				ALWAYS_SEARCH_USER_PATHS = NO;
				CLANG_ANALYZER_LOCALIZABILITY_NONLOCALIZED = YES;
				CLANG_ANALYZER_NONNULL = YES;
				CLANG_CXX_LANGUAGE_STANDARD = "gnu++0x";
				CLANG_CXX_LIBRARY = "libc++";
				CLANG_ENABLE_MODULES = YES;
				CLANG_ENABLE_OBJC_ARC = YES;
				CLANG_WARN_BOOL_CONVERSION = YES;
				CLANG_WARN_CONSTANT_CONVERSION = YES;
				CLANG_WARN_DIRECT_OBJC_ISA_USAGE = YES_ERROR;
				CLANG_WARN_EMPTY_BODY = YES;
				CLANG_WARN_ENUM_CONVERSION = YES;
				CLANG_WARN_INFINITE_RECURSION = YES;
				CLANG_WARN_INT_CONVERSION = YES;
				CLANG_WARN_OBJC_ROOT_CLASS = YES_ERROR;
				CLANG_WARN_SUSPICIOUS_MOVE = YES;
				CLANG_WARN_UNREACHABLE_CODE = YES;
				CLANG_WARN__DUPLICATE_METHOD_MATCH = YES;
				"CODE_SIGN_IDENTITY[sdk=iphoneos*]" = "iPhone Developer";
				COPY_PHASE_STRIP = NO;
				DEBUG_INFORMATION_FORMAT = dwarf;
				ENABLE_STRICT_OBJC_MSGSEND = YES;
				ENABLE_TESTABILITY = YES;
				GCC_C_LANGUAGE_STANDARD = gnu99;
				GCC_DYNAMIC_NO_PIC = NO;
				GCC_NO_COMMON_BLOCKS = YES;
				GCC_OPTIMIZATION_LEVEL = 0;
				GCC_PREPROCESSOR_DEFINITIONS = (
					"DEBUG=1",
					"$(inherited)",
				);
				GCC_WARN_64_TO_32_BIT_CONVERSION = YES;
				GCC_WARN_ABOUT_RETURN_TYPE = YES_ERROR;
				GCC_WARN_UNDECLARED_SELECTOR = YES;
				GCC_WARN_UNINITIALIZED_AUTOS = YES_AGGRESSIVE;
				GCC_WARN_UNUSED_FUNCTION = YES;
				GCC_WARN_UNUSED_VARIABLE = YES;
				IPHONEOS_DEPLOYMENT_TARGET = 8.0;
				MTL_ENABLE_DEBUG_INFO = YES;
				ONLY_ACTIVE_ARCH = YES;
				SDKROOT = iphoneos;
			};
			name = Debug;
		};
		5C20B5E81D4B8B3C0014E6F9 /* Release */ = {
			isa = XCBuildConfiguration;
			buildSettings = {
				ALWAYS_SEARCH_USER_PATHS = NO;
				CLANG_ANALYZER_LOCALIZABILITY_NONLOCALIZED = YES;
				CLANG_ANALYZER_NONNULL = YES;
				CLANG_CXX_LANGUAGE_STANDARD = "gnu++0x";
				CLANG_CXX_LIBRARY = "libc++";
				CLANG_ENABLE_MODULES = YES;
				CLANG_ENABLE_OBJC_ARC = YES;
				CLANG_WARN_BOOL_CONVERSION = YES;
				CLANG_WARN_CONSTANT_CONVERSION = YES;
				CLANG_WARN_DIRECT_OBJC_ISA_USAGE = YES_ERROR;
				CLANG_WARN_EMPTY_BODY = YES;
				CLANG_WARN_ENUM_CONVERSION = YES;
				CLANG_WARN_INFINITE_RECURSION = YES;
				CLANG_WARN_INT_CONVERSION = YES;
				CLANG_WARN_OBJC_ROOT_CLASS = YES_ERROR;
				CLANG_WARN_SUSPICIOUS_MOVE = YES;
				CLANG_WARN_UNREACHABLE_CODE = YES;
				CLANG_WARN__DUPLICATE_METHOD_MATCH = YES;
				"CODE_SIGN_IDENTITY[sdk=iphoneos*]" = "iPhone Developer";
				COPY_PHASE_STRIP = NO;
				DEBUG_INFORMATION_FORMAT = "dwarf-with-dsym";
				ENABLE_NS_ASSERTIONS = NO;
				ENABLE_STRICT_OBJC_MSGSEND = YES;
				GCC_C_LANGUAGE_STANDARD = gnu99;
				GCC_NO_COMMON_BLOCKS = YES;
				GCC_WARN_64_TO_32_BIT_CONVERSION = YES;
				GCC_WARN_ABOUT_RETURN_TYPE = YES_ERROR;
				GCC_WARN_UNDECLARED_SELECTOR = YES;
				GCC_WARN_UNINITIALIZED_AUTOS = YES_AGGRESSIVE;
				GCC_WARN_UNUSED_FUNCTION = YES;
				GCC_WARN_UNUSED_VARIABLE = YES;
				IPHONEOS_DEPLOYMENT_TARGET = 8.0;
				MTL_ENABLE_DEBUG_INFO = NO;
				SDKROOT = iphoneos;
				VALIDATE_PRODUCT = YES;
			};
			name = Release;
		};
		5C20B5EA1D4B8B3C0014E6F9 /* Debug */ = {
			isa = XCBuildConfiguration;
			buildSettings = {
				ASSETCATALOG_COMPILER_APPICON_NAME = AppIcon;
				CODE_SIGN_IDENTITY = "iPhone Developer";
				INFOPLIST_FILE = binzumejigoku/Info.plist;
				IPHONEOS_DEPLOYMENT_TARGET = 8.0;
				LD_RUNPATH_SEARCH_PATHS = "$(inherited) @executable_path/Frameworks";
				PRODUCT_BUNDLE_IDENTIFIER = jp.onetake.binzumejigoku;
				PRODUCT_NAME = "$(TARGET_NAME)";
			};
			name = Debug;
		};
		5C20B5EB1D4B8B3C0014E6F9 /* Release */ = {
			isa = XCBuildConfiguration;
			buildSettings = {
				ASSETCATALOG_COMPILER_APPICON_NAME = AppIcon;
				CODE_SIGN_IDENTITY = "iPhone Developer";
				INFOPLIST_FILE = binzumejigoku/Info.plist;
				IPHONEOS_DEPLOYMENT_TARGET = 8.0;
				LD_RUNPATH_SEARCH_PATHS = "$(inherited) @executable_path/Frameworks";
				PRODUCT_BUNDLE_IDENTIFIER = jp.onetake.binzumejigoku;
				PRODUCT_NAME = "$(TARGET_NAME)";
			};
			name = Release;
		};
/* End XCBuildConfiguration section */

/* Begin XCConfigurationList section */
		5C20B5CD1D4B8B3C0014E6F9 /* Build configuration list for PBXProject "binzumejigoku" */ = {
			isa = XCConfigurationList;
			buildConfigurations = (
				5C20B5E71D4B8B3C0014E6F9 /* Debug */,
				5C20B5E81D4B8B3C0014E6F9 /* Release */,
			);
			defaultConfigurationIsVisible = 0;
			defaultConfigurationName = Release;
		};
		5C20B5E91D4B8B3C0014E6F9 /* Build configuration list for PBXNativeTarget "binzumejigoku" */ = {
			isa = XCConfigurationList;
			buildConfigurations = (
				5C20B5EA1D4B8B3C0014E6F9 /* Debug */,
				5C20B5EB1D4B8B3C0014E6F9 /* Release */,
			);
			defaultConfigurationIsVisible = 0;
			defaultConfigurationName = Release;
		};
/* End XCConfigurationList section */

/* Begin XCVersionGroup section */
		5C3D6B101D6B222700F24098 /* BinzumeJigoku.xcdatamodeld */ = {
			isa = XCVersionGroup;
			children = (
				5C3D6B111D6B222700F24098 /* BinzumeJigoku.xcdatamodel */,
			);
			currentVersion = 5C3D6B111D6B222700F24098 /* BinzumeJigoku.xcdatamodel */;
			path = BinzumeJigoku.xcdatamodeld;
			sourceTree = "<group>";
			versionGroupType = wrapper.xcdatamodel;
		};
/* End XCVersionGroup section */
	};
	rootObject = 5C20B5CA1D4B8B3C0014E6F9 /* Project object */;
}
